
Microsoft Visual Studio Solution File, Format Version 12.00
# Visual Studio Version 16
VisualStudioVersion = 16.0.31624.102
MinimumVisualStudioVersion = 10.0.40219.1
Project("{FAE04EC0-301F-11D3-BF4B-00C04F79EFBC}") = "LA1200", "LA1200\LA1200.csproj", "{D084CE79-B95D-4544-883C-6412A63A37D4}"
EndProject
Global
	GlobalSection(SolutionConfigurationPlatforms) = preSolution
		Debug|Any CPU = Debug|Any CPU
		Release|Any CPU = Release|Any CPU
	EndGlobalSection
	GlobalSection(ProjectConfigurationPlatforms) = postSolution
		{D084CE79-B95D-4544-883C-6412A63A37D4}.Debug|Any CPU.ActiveCfg = Debug|Any CPU
		{D084CE79-B95D-4544-883C-6412A63A37D4}.Debug|Any CPU.Build.0 = Debug|Any CPU
		{D084CE79-B95D-4544-883C-6412A63A37D4}.Release|Any CPU.ActiveCfg = Release|Any CPU
		{D084CE79-B95D-4544-883C-6412A63A37D4}.Release|Any CPU.Build.0 = Release|Any CPU
	EndGlobalSection
	GlobalSection(SolutionProperties) = preSolution
		HideSolutionNode = FALSE
	EndGlobalSection
	GlobalSection(ExtensibilityGlobals) = postSolution
		SolutionGuid = {6EB56C61-AD11-41E0-8357-1300DEE6C657}
	EndGlobalSection
EndGlobal
